
Microsoft Visual Studio Solution File, Format Version 12.00
# Visual Studio Version 16
VisualStudioVersion = 16.0.31005.135
MinimumVisualStudioVersion = 10.0.40219.1
Project("{00D1A9C2-B5F0-4AF3-8072-F6C62B433612}") = "sqldbproject", "sqldbproject\sqldbproject.sqlproj", "{D4AAF6C4-DB79-497F-AF87-B258482C7858}"
EndProject
Global
	GlobalSection(SolutionConfigurationPlatforms) = preSolution
		Debug|Any CPU = Debug|Any CPU
		Release|Any CPU = Release|Any CPU
	EndGlobalSection
	GlobalSection(ProjectConfigurationPlatforms) = postSolution
		{D4AAF6C4-DB79-497F-AF87-B258482C7858}.Debug|Any CPU.ActiveCfg = Debug|Any CPU
		{D4AAF6C4-DB79-497F-AF87-B258482C7858}.Debug|Any CPU.Build.0 = Debug|Any CPU
		{D4AAF6C4-DB79-497F-AF87-B258482C7858}.Debug|Any CPU.Deploy.0 = Debug|Any CPU
		{D4AAF6C4-DB79-497F-AF87-B258482C7858}.Release|Any CPU.ActiveCfg = Release|Any CPU
		{D4AAF6C4-DB79-497F-AF87-B258482C7858}.Release|Any CPU.Build.0 = Release|Any CPU
		{D4AAF6C4-DB79-497F-AF87-B258482C7858}.Release|Any CPU.Deploy.0 = Release|Any CPU
	EndGlobalSection
	GlobalSection(SolutionProperties) = preSolution
		HideSolutionNode = FALSE
	EndGlobalSection
	GlobalSection(ExtensibilityGlobals) = postSolution
		SolutionGuid = {7AA819DF-84E7-4E47-92CA-BE615640075E}
	EndGlobalSection
EndGlobal
